// !$*UTF8*$!
{
	archiveVersion = 1;
	classes = {
	};
	objectVersion = 50;
	objects = {

/* Begin PBXBuildFile section */
		C01A8AB423920C7D00370A9D /* AppDelegate.swift in Sources */ = {isa = PBXBuildFile; fileRef = C01A8AB323920C7D00370A9D /* AppDelegate.swift */; };
		C01A8AB623920C7D00370A9D /* SceneDelegate.swift in Sources */ = {isa = PBXBuildFile; fileRef = C01A8AB523920C7D00370A9D /* SceneDelegate.swift */; };
		C01A8AB823920C7D00370A9D /* ViewController.swift in Sources */ = {isa = PBXBuildFile; fileRef = C01A8AB723920C7D00370A9D /* ViewController.swift */; };
		C01A8ABB23920C7D00370A9D /* Main.storyboard in Resources */ = {isa = PBXBuildFile; fileRef = C01A8AB923920C7D00370A9D /* Main.storyboard */; };
		C01A8ABD23920C7D00370A9D /* Assets.xcassets in Resources */ = {isa = PBXBuildFile; fileRef = C01A8ABC23920C7D00370A9D /* Assets.xcassets */; };
		C01A8AC023920C7D00370A9D /* LaunchScreen.storyboard in Resources */ = {isa = PBXBuildFile; fileRef = C01A8ABE23920C7D00370A9D /* LaunchScreen.storyboard */; };
		C01A8ACB23920C7D00370A9D /* testTests.swift in Sources */ = {isa = PBXBuildFile; fileRef = C01A8ACA23920C7D00370A9D /* testTests.swift */; };
		C01A8AD623920C7D00370A9D /* testUITests.swift in Sources */ = {isa = PBXBuildFile; fileRef = C01A8AD523920C7D00370A9D /* testUITests.swift */; };
		C01A8AE423920D3700370A9D /* main.swift in Sources */ = {isa = PBXBuildFile; fileRef = C01A8AE323920D3700370A9D /* main.swift */; };
/* End PBXBuildFile section */

/* Begin PBXContainerItemProxy section */
		C01A8AC723920C7D00370A9D /* PBXContainerItemProxy */ = {
			isa = PBXContainerItemProxy;
			containerPortal = C01A8AA823920C7C00370A9D /* Project object */;
			proxyType = 1;
			remoteGlobalIDString = C01A8AAF23920C7D00370A9D;
			remoteInfo = test;
		};
		C01A8AD223920C7D00370A9D /* PBXContainerItemProxy */ = {
			isa = PBXContainerItemProxy;
			containerPortal = C01A8AA823920C7C00370A9D /* Project object */;
			proxyType = 1;
			remoteGlobalIDString = C01A8AAF23920C7D00370A9D;
			remoteInfo = test;
		};
/* End PBXContainerItemProxy section */

/* Begin PBXFileReference section */
		C01A8AB023920C7D00370A9D /* test.app */ = {isa = PBXFileReference; explicitFileType = wrapper.application; includeInIndex = 0; path = test.app; sourceTree = BUILT_PRODUCTS_DIR; };
		C01A8AB323920C7D00370A9D /* AppDelegate.swift */ = {isa = PBXFileReference; lastKnownFileType = sourcecode.swift; path = AppDelegate.swift; sourceTree = "<group>"; };
		C01A8AB523920C7D00370A9D /* SceneDelegate.swift */ = {isa = PBXFileReference; lastKnownFileType = sourcecode.swift; path = SceneDelegate.swift; sourceTree = "<group>"; };
		C01A8AB723920C7D00370A9D /* ViewController.swift */ = {isa = PBXFileReference; lastKnownFileType = sourcecode.swift; path = ViewController.swift; sourceTree = "<group>"; };
		C01A8ABA23920C7D00370A9D /* Base */ = {isa = PBXFileReference; lastKnownFileType = file.storyboard; name = Base; path = Base.lproj/Main.storyboard; sourceTree = "<group>"; };
		C01A8ABC23920C7D00370A9D /* Assets.xcassets */ = {isa = PBXFileReference; lastKnownFileType = folder.assetcatalog; path = Assets.xcassets; sourceTree = "<group>"; };
		C01A8ABF23920C7D00370A9D /* Base */ = {isa = PBXFileReference; lastKnownFileType = file.storyboard; name = Base; path = Base.lproj/LaunchScreen.storyboard; sourceTree = "<group>"; };
		C01A8AC123920C7D00370A9D /* Info.plist */ = {isa = PBXFileReference; lastKnownFileType = text.plist.xml; path = Info.plist; sourceTree = "<group>"; };
		C01A8AC623920C7D00370A9D /* testTests.xctest */ = {isa = PBXFileReference; explicitFileType = wrapper.cfbundle; includeInIndex = 0; path = testTests.xctest; sourceTree = BUILT_PRODUCTS_DIR; };
		C01A8ACA23920C7D00370A9D /* testTests.swift */ = {isa = PBXFileReference; lastKnownFileType = sourcecode.swift; path = testTests.swift; sourceTree = "<group>"; };
		C01A8ACC23920C7D00370A9D /* Info.plist */ = {isa = PBXFileReference; lastKnownFileType = text.plist.xml; path = Info.plist; sourceTree = "<group>"; };
		C01A8AD123920C7D00370A9D /* testUITests.xctest */ = {isa = PBXFileReference; explicitFileType = wrapper.cfbundle; includeInIndex = 0; path = testUITests.xctest; sourceTree = BUILT_PRODUCTS_DIR; };
		C01A8AD523920C7D00370A9D /* testUITests.swift */ = {isa = PBXFileReference; lastKnownFileType = sourcecode.swift; path = testUITests.swift; sourceTree = "<group>"; };
		C01A8AD723920C7D00370A9D /* Info.plist */ = {isa = PBXFileReference; lastKnownFileType = text.plist.xml; path = Info.plist; sourceTree = "<group>"; };
		C01A8AE323920D3700370A9D /* main.swift */ = {isa = PBXFileReference; lastKnownFileType = sourcecode.swift; path = main.swift; sourceTree = "<group>"; };
/* End PBXFileReference section */

/* Begin PBXFrameworksBuildPhase section */
		C01A8AAD23920C7D00370A9D /* Frameworks */ = {
			isa = PBXFrameworksBuildPhase;
			buildActionMask = 2147483647;
			files = (
			);
			runOnlyForDeploymentPostprocessing = 0;
		};
		C01A8AC323920C7D00370A9D /* Frameworks */ = {
			isa = PBXFrameworksBuildPhase;
			buildActionMask = 2147483647;
			files = (
			);
			runOnlyForDeploymentPostprocessing = 0;
		};
		C01A8ACE23920C7D00370A9D /* Frameworks */ = {
			isa = PBXFrameworksBuildPhase;
			buildActionMask = 2147483647;
			files = (
			);
			runOnlyForDeploymentPostprocessing = 0;
		};
/* End PBXFrameworksBuildPhase section */

/* Begin PBXGroup section */
		C01A8AA723920C7C00370A9D = {
			isa = PBXGroup;
			children = (
				C01A8AB223920C7D00370A9D /* test */,
				C01A8AC923920C7D00370A9D /* testTests */,
				C01A8AD423920C7D00370A9D /* testUITests */,
				C01A8AB123920C7D00370A9D /* Products */,
			);
			sourceTree = "<group>";
		};
		C01A8AB123920C7D00370A9D /* Products */ = {
			isa = PBXGroup;
			children = (
				C01A8AB023920C7D00370A9D /* test.app */,
				C01A8AC623920C7D00370A9D /* testTests.xctest */,
				C01A8AD123920C7D00370A9D /* testUITests.xctest */,
			);
			name = Products;
			sourceTree = "<group>";
		};
		C01A8AB223920C7D00370A9D /* test */ = {
			isa = PBXGroup;
			children = (
				C01A8AB323920C7D00370A9D /* AppDelegate.swift */,
				C01A8AB523920C7D00370A9D /* SceneDelegate.swift */,
				C01A8AB723920C7D00370A9D /* ViewController.swift */,
				C01A8AB923920C7D00370A9D /* Main.storyboard */,
				C01A8ABC23920C7D00370A9D /* Assets.xcassets */,
				C01A8ABE23920C7D00370A9D /* LaunchScreen.storyboard */,
				C01A8AC123920C7D00370A9D /* Info.plist */,
				C01A8AE323920D3700370A9D /* main.swift */,
			);
			path = test;
			sourceTree = "<group>";
		};
		C01A8AC923920C7D00370A9D /* testTests */ = {
			isa = PBXGroup;
			children = (
				C01A8ACA23920C7D00370A9D /* testTests.swift */,
				C01A8ACC23920C7D00370A9D /* Info.plist */,
			);
			path = testTests;
			sourceTree = "<group>";
		};
		C01A8AD423920C7D00370A9D /* testUITests */ = {
			isa = PBXGroup;
			children = (
				C01A8AD523920C7D00370A9D /* testUITests.swift */,
				C01A8AD723920C7D00370A9D /* Info.plist */,
			);
			path = testUITests;
			sourceTree = "<group>";
		};
/* End PBXGroup section */

/* Begin PBXNativeTarget section */
		C01A8AAF23920C7D00370A9D /* test */ = {
			isa = PBXNativeTarget;
			buildConfigurationList = C01A8ADA23920C7D00370A9D /* Build configuration list for PBXNativeTarget "test" */;
			buildPhases = (
				C01A8AAC23920C7D00370A9D /* Sources */,
				C01A8AAD23920C7D00370A9D /* Frameworks */,
				C01A8AAE23920C7D00370A9D /* Resources */,
			);
			buildRules = (
			);
			dependencies = (
			);
			name = test;
			productName = test;
			productReference = C01A8AB023920C7D00370A9D /* test.app */;
			productType = "com.apple.product-type.application";
		};
		C01A8AC523920C7D00370A9D /* testTests */ = {
			isa = PBXNativeTarget;
			buildConfigurationList = C01A8ADD23920C7D00370A9D /* Build configuration list for PBXNativeTarget "testTests" */;
			buildPhases = (
				C01A8AC223920C7D00370A9D /* Sources */,
				C01A8AC323920C7D00370A9D /* Frameworks */,
				C01A8AC423920C7D00370A9D /* Resources */,
			);
			buildRules = (
			);
			dependencies = (
				C01A8AC823920C7D00370A9D /* PBXTargetDependency */,
			);
			name = testTests;
			productName = testTests;
			productReference = C01A8AC623920C7D00370A9D /* testTests.xctest */;
			productType = "com.apple.product-type.bundle.unit-test";
		};
		C01A8AD023920C7D00370A9D /* testUITests */ = {
			isa = PBXNativeTarget;
			buildConfigurationList = C01A8AE023920C7D00370A9D /* Build configuration list for PBXNativeTarget "testUITests" */;
			buildPhases = (
				C01A8ACD23920C7D00370A9D /* Sources */,
				C01A8ACE23920C7D00370A9D /* Frameworks */,
				C01A8ACF23920C7D00370A9D /* Resources */,
			);
			buildRules = (
			);
			dependencies = (
				C01A8AD323920C7D00370A9D /* PBXTargetDependency */,
			);
			name = testUITests;
			productName = testUITests;
			productReference = C01A8AD123920C7D00370A9D /* testUITests.xctest */;
			productType = "com.apple.product-type.bundle.ui-testing";
		};
/* End PBXNativeTarget section */

/* Begin PBXProject section */
		C01A8AA823920C7C00370A9D /* Project object */ = {
			isa = PBXProject;
			attributes = {
				LastSwiftUpdateCheck = 1110;
				LastUpgradeCheck = 1110;
				ORGANIZATIONNAME = softtools;
				TargetAttributes = {
					C01A8AAF23920C7D00370A9D = {
						CreatedOnToolsVersion = 11.1;
					};
					C01A8AC523920C7D00370A9D = {
						CreatedOnToolsVersion = 11.1;
						TestTargetID = C01A8AAF23920C7D00370A9D;
					};
					C01A8AD023920C7D00370A9D = {
						CreatedOnToolsVersion = 11.1;
						TestTargetID = C01A8AAF23920C7D00370A9D;
					};
				};
			};
			buildConfigurationList = C01A8AAB23920C7C00370A9D /* Build configuration list for PBXProject "test" */;
			compatibilityVersion = "Xcode 9.3";
			developmentRegion = en;
			hasScannedForEncodings = 0;
			knownRegions = (
				en,
				Base,
			);
			mainGroup = C01A8AA723920C7C00370A9D;
			productRefGroup = C01A8AB123920C7D00370A9D /* Products */;
			projectDirPath = "";
			projectRoot = "";
			targets = (
				C01A8AAF23920C7D00370A9D /* test */,
				C01A8AC523920C7D00370A9D /* testTests */,
				C01A8AD023920C7D00370A9D /* testUITests */,
			);
		};
/* End PBXProject section */

/* Begin PBXResourcesBuildPhase section */
		C01A8AAE23920C7D00370A9D /* Resources */ = {
			isa = PBXResourcesBuildPhase;
			buildActionMask = 2147483647;
			files = (
				C01A8AC023920C7D00370A9D /* LaunchScreen.storyboard in Resources */,
				C01A8ABD23920C7D00370A9D /* Assets.xcassets in Resources */,
				C01A8ABB23920C7D00370A9D /* Main.storyboard in Resources */,
			);
			runOnlyForDeploymentPostprocessing = 0;
		};
		C01A8AC423920C7D00370A9D /* Resources */ = {
			isa = PBXResourcesBuildPhase;
			buildActionMask = 2147483647;
			files = (
			);
			runOnlyForDeploymentPostprocessing = 0;
		};
		C01A8ACF23920C7D00370A9D /* Resources */ = {
			isa = PBXResourcesBuildPhase;
			buildActionMask = 2147483647;
			files = (
			);
			runOnlyForDeploymentPostprocessing = 0;
		};
/* End PBXResourcesBuildPhase section */

/* Begin PBXSourcesBuildPhase section */
		C01A8AAC23920C7D00370A9D /* Sources */ = {
			isa = PBXSourcesBuildPhase;
			buildActionMask = 2147483647;
			files = (
				C01A8AB823920C7D00370A9D /* ViewController.swift in Sources */,
				C01A8AB423920C7D00370A9D /* AppDelegate.swift in Sources */,
				C01A8AB623920C7D00370A9D /* SceneDelegate.swift in Sources */,
				C01A8AE423920D3700370A9D /* main.swift in Sources */,
			);
			runOnlyForDeploymentPostprocessing = 0;
		};
		C01A8AC223920C7D00370A9D /* Sources */ = {
			isa = PBXSourcesBuildPhase;
			buildActionMask = 2147483647;
			files = (
				C01A8ACB23920C7D00370A9D /* testTests.swift in Sources */,
			);
			runOnlyForDeploymentPostprocessing = 0;
		};
		C01A8ACD23920C7D00370A9D /* Sources */ = {
			isa = PBXSourcesBuildPhase;
			buildActionMask = 2147483647;
			files = (
				C01A8AD623920C7D00370A9D /* testUITests.swift in Sources */,
			);
			runOnlyForDeploymentPostprocessing = 0;
		};
/* End PBXSourcesBuildPhase section */

/* Begin PBXTargetDependency section */
		C01A8AC823920C7D00370A9D /* PBXTargetDependency */ = {
			isa = PBXTargetDependency;
			target = C01A8AAF23920C7D00370A9D /* test */;
			targetProxy = C01A8AC723920C7D00370A9D /* PBXContainerItemProxy */;
		};
		C01A8AD323920C7D00370A9D /* PBXTargetDependency */ = {
			isa = PBXTargetDependency;
			target = C01A8AAF23920C7D00370A9D /* test */;
			targetProxy = C01A8AD223920C7D00370A9D /* PBXContainerItemProxy */;
		};
/* End PBXTargetDependency section */

/* Begin PBXVariantGroup section */
		C01A8AB923920C7D00370A9D /* Main.storyboard */ = {
			isa = PBXVariantGroup;
			children = (
				C01A8ABA23920C7D00370A9D /* Base */,
			);
			name = Main.storyboard;
			sourceTree = "<group>";
		};
		C01A8ABE23920C7D00370A9D /* LaunchScreen.storyboard */ = {
			isa = PBXVariantGroup;
			children = (
				C01A8ABF23920C7D00370A9D /* Base */,
			);
			name = LaunchScreen.storyboard;
			sourceTree = "<group>";
		};
/* End PBXVariantGroup section */

/* Begin XCBuildConfiguration section */
		C01A8AD823920C7D00370A9D /* Debug */ = {
			isa = XCBuildConfiguration;
			buildSettings = {
				ALWAYS_SEARCH_USER_PATHS = NO;
				CLANG_ANALYZER_NONNULL = YES;
				CLANG_ANALYZER_NUMBER_OBJECT_CONVERSION = YES_AGGRESSIVE;
				CLANG_CXX_LANGUAGE_STANDARD = "gnu++14";
				CLANG_CXX_LIBRARY = "libc++";
				CLANG_ENABLE_MODULES = YES;
				CLANG_ENABLE_OBJC_ARC = YES;
				CLANG_ENABLE_OBJC_WEAK = YES;
				CLANG_WARN_BLOCK_CAPTURE_AUTORELEASING = YES;
				CLANG_WARN_BOOL_CONVERSION = YES;
				CLANG_WARN_COMMA = YES;
				CLANG_WARN_CONSTANT_CONVERSION = YES;
				CLANG_WARN_DEPRECATED_OBJC_IMPLEMENTATIONS = YES;
				CLANG_WARN_DIRECT_OBJC_ISA_USAGE = YES_ERROR;
				CLANG_WARN_DOCUMENTATION_COMMENTS = YES;
				CLANG_WARN_EMPTY_BODY = YES;
				CLANG_WARN_ENUM_CONVERSION = YES;
				CLANG_WARN_INFINITE_RECURSION = YES;
				CLANG_WARN_INT_CONVERSION = YES;
				CLANG_WARN_NON_LITERAL_NULL_CONVERSION = YES;
				CLANG_WARN_OBJC_IMPLICIT_RETAIN_SELF = YES;
				CLANG_WARN_OBJC_LITERAL_CONVERSION = YES;
				CLANG_WARN_OBJC_ROOT_CLASS = YES_ERROR;
				CLANG_WARN_RANGE_LOOP_ANALYSIS = YES;
				CLANG_WARN_STRICT_PROTOTYPES = YES;
				CLANG_WARN_SUSPICIOUS_MOVE = YES;
				CLANG_WARN_UNGUARDED_AVAILABILITY = YES_AGGRESSIVE;
				CLANG_WARN_UNREACHABLE_CODE = YES;
				CLANG_WARN__DUPLICATE_METHOD_MATCH = YES;
				COPY_PHASE_STRIP = NO;
				DEBUG_INFORMATION_FORMAT = dwarf;
				ENABLE_STRICT_OBJC_MSGSEND = YES;
				ENABLE_TESTABILITY = YES;
				GCC_C_LANGUAGE_STANDARD = gnu11;
				GCC_DYNAMIC_NO_PIC = NO;
				GCC_NO_COMMON_BLOCKS = YES;
				GCC_OPTIMIZATION_LEVEL = 0;
				GCC_PREPROCESSOR_DEFINITIONS = (
					"DEBUG=1",
					"$(inherited)",
				);
				GCC_WARN_64_TO_32_BIT_CONVERSION = YES;
				GCC_WARN_ABOUT_RETURN_TYPE = YES_ERROR;
				GCC_WARN_UNDECLARED_SELECTOR = YES;
				GCC_WARN_UNINITIALIZED_AUTOS = YES_AGGRESSIVE;
				GCC_WARN_UNUSED_FUNCTION = YES;
				GCC_WARN_UNUSED_VARIABLE = YES;
				IPHONEOS_DEPLOYMENT_TARGET = 13.1;
				MTL_ENABLE_DEBUG_INFO = INCLUDE_SOURCE;
				MTL_FAST_MATH = YES;
				ONLY_ACTIVE_ARCH = YES;
				SDKROOT = iphoneos;
				SWIFT_ACTIVE_COMPILATION_CONDITIONS = DEBUG;
				SWIFT_OPTIMIZATION_LEVEL = "-Onone";
			};
			name = Debug;
		};
		C01A8AD923920C7D00370A9D /* Release */ = {
			isa = XCBuildConfiguration;
			buildSettings = {
				ALWAYS_SEARCH_USER_PATHS = NO;
				CLANG_ANALYZER_NONNULL = YES;
				CLANG_ANALYZER_NUMBER_OBJECT_CONVERSION = YES_AGGRESSIVE;
				CLANG_CXX_LANGUAGE_STANDARD = "gnu++14";
				CLANG_CXX_LIBRARY = "libc++";
				CLANG_ENABLE_MODULES = YES;
				CLANG_ENABLE_OBJC_ARC = YES;
				CLANG_ENABLE_OBJC_WEAK = YES;
				CLANG_WARN_BLOCK_CAPTURE_AUTORELEASING = YES;
				CLANG_WARN_BOOL_CONVERSION = YES;
				CLANG_WARN_COMMA = YES;
				CLANG_WARN_CONSTANT_CONVERSION = YES;
				CLANG_WARN_DEPRECATED_OBJC_IMPLEMENTATIONS = YES;
				CLANG_WARN_DIRECT_OBJC_ISA_USAGE = YES_ERROR;
				CLANG_WARN_DOCUMENTATION_COMMENTS = YES;
				CLANG_WARN_EMPTY_BODY = YES;
				CLANG_WARN_ENUM_CONVERSION = YES;
				CLANG_WARN_INFINITE_RECURSION = YES;
				CLANG_WARN_INT_CONVERSION = YES;
				CLANG_WARN_NON_LITERAL_NULL_CONVERSION = YES;
				CLANG_WARN_OBJC_IMPLICIT_RETAIN_SELF = YES;
				CLANG_WARN_OBJC_LITERAL_CONVERSION = YES;
				CLANG_WARN_OBJC_ROOT_CLASS = YES_ERROR;
				CLANG_WARN_RANGE_LOOP_ANALYSIS = YES;
				CLANG_WARN_STRICT_PROTOTYPES = YES;
				CLANG_WARN_SUSPICIOUS_MOVE = YES;
				CLANG_WARN_UNGUARDED_AVAILABILITY = YES_AGGRESSIVE;
				CLANG_WARN_UNREACHABLE_CODE = YES;
				CLANG_WARN__DUPLICATE_METHOD_MATCH = YES;
				COPY_PHASE_STRIP = NO;
				DEBUG_INFORMATION_FORMAT = "dwarf-with-dsym";
				ENABLE_NS_ASSERTIONS = NO;
				ENABLE_STRICT_OBJC_MSGSEND = YES;
				GCC_C_LANGUAGE_STANDARD = gnu11;
				GCC_NO_COMMON_BLOCKS = YES;
				GCC_WARN_64_TO_32_BIT_CONVERSION = YES;
				GCC_WARN_ABOUT_RETURN_TYPE = YES_ERROR;
				GCC_WARN_UNDECLARED_SELECTOR = YES;
				GCC_WARN_UNINITIALIZED_AUTOS = YES_AGGRESSIVE;
				GCC_WARN_UNUSED_FUNCTION = YES;
				GCC_WARN_UNUSED_VARIABLE = YES;
				IPHONEOS_DEPLOYMENT_TARGET = 13.1;
				MTL_ENABLE_DEBUG_INFO = NO;
				MTL_FAST_MATH = YES;
				SDKROOT = iphoneos;
				SWIFT_COMPILATION_MODE = wholemodule;
				SWIFT_OPTIMIZATION_LEVEL = "-O";
				VALIDATE_PRODUCT = YES;
			};
			name = Release;
		};
		C01A8ADB23920C7D00370A9D /* Debug */ = {
			isa = XCBuildConfiguration;
			buildSettings = {
				ASSETCATALOG_COMPILER_APPICON_NAME = AppIcon;
				CODE_SIGN_STYLE = Automatic;
				INFOPLIST_FILE = test/Info.plist;
				LD_RUNPATH_SEARCH_PATHS = (
					"$(inherited)",
					"@executable_path/Frameworks",
				);
				PRODUCT_BUNDLE_IDENTIFIER = com.softtools.test;
				PRODUCT_NAME = "$(TARGET_NAME)";
				SWIFT_VERSION = 5.0;
				TARGETED_DEVICE_FAMILY = "1,2";
			};
			name = Debug;
		};
		C01A8ADC23920C7D00370A9D /* Release */ = {
			isa = XCBuildConfiguration;
			buildSettings = {
				ASSETCATALOG_COMPILER_APPICON_NAME = AppIcon;
				CODE_SIGN_STYLE = Automatic;
				INFOPLIST_FILE = test/Info.plist;
				LD_RUNPATH_SEARCH_PATHS = (
					"$(inherited)",
					"@executable_path/Frameworks",
				);
				PRODUCT_BUNDLE_IDENTIFIER = com.softtools.test;
				PRODUCT_NAME = "$(TARGET_NAME)";
				SWIFT_VERSION = 5.0;
				TARGETED_DEVICE_FAMILY = "1,2";
			};
			name = Release;
		};
		C01A8ADE23920C7D00370A9D /* Debug */ = {
			isa = XCBuildConfiguration;
			buildSettings = {
				ALWAYS_EMBED_SWIFT_STANDARD_LIBRARIES = YES;
				BUNDLE_LOADER = "$(TEST_HOST)";
				CODE_SIGN_STYLE = Automatic;
				INFOPLIST_FILE = testTests/Info.plist;
				IPHONEOS_DEPLOYMENT_TARGET = 13.1;
				LD_RUNPATH_SEARCH_PATHS = (
					"$(inherited)",
					"@executable_path/Frameworks",
					"@loader_path/Frameworks",
				);
				PRODUCT_BUNDLE_IDENTIFIER = com.softtools.testTests;
				PRODUCT_NAME = "$(TARGET_NAME)";
				SWIFT_VERSION = 5.0;
				TARGETED_DEVICE_FAMILY = "1,2";
				TEST_HOST = "$(BUILT_PRODUCTS_DIR)/test.app/test";
			};
			name = Debug;
		};
		C01A8ADF23920C7D00370A9D /* Release */ = {
			isa = XCBuildConfiguration;
			buildSettings = {
				ALWAYS_EMBED_SWIFT_STANDARD_LIBRARIES = YES;
				BUNDLE_LOADER = "$(TEST_HOST)";
				CODE_SIGN_STYLE = Automatic;
				INFOPLIST_FILE = testTests/Info.plist;
				IPHONEOS_DEPLOYMENT_TARGET = 13.1;
				LD_RUNPATH_SEARCH_PATHS = (
					"$(inherited)",
					"@executable_path/Frameworks",
					"@loader_path/Frameworks",
				);
				PRODUCT_BUNDLE_IDENTIFIER = com.softtools.testTests;
				PRODUCT_NAME = "$(TARGET_NAME)";
				SWIFT_VERSION = 5.0;
				TARGETED_DEVICE_FAMILY = "1,2";
				TEST_HOST = "$(BUILT_PRODUCTS_DIR)/test.app/test";
			};
			name = Release;
		};
		C01A8AE123920C7D00370A9D /* Debug */ = {
			isa = XCBuildConfiguration;
			buildSettings = {
				ALWAYS_EMBED_SWIFT_STANDARD_LIBRARIES = YES;
				CODE_SIGN_STYLE = Automatic;
				INFOPLIST_FILE = testUITests/Info.plist;
				LD_RUNPATH_SEARCH_PATHS = (
					"$(inherited)",
					"@executable_path/Frameworks",
					"@loader_path/Frameworks",
				);
				PRODUCT_BUNDLE_IDENTIFIER = com.softtools.testUITests;
				PRODUCT_NAME = "$(TARGET_NAME)";
				SWIFT_VERSION = 5.0;
				TARGETED_DEVICE_FAMILY = "1,2";
				TEST_TARGET_NAME = test;
			};
			name = Debug;
		};
		C01A8AE223920C7D00370A9D /* Release */ = {
			isa = XCBuildConfiguration;
			buildSettings = {
				ALWAYS_EMBED_SWIFT_STANDARD_LIBRARIES = YES;
				CODE_SIGN_STYLE = Automatic;
				INFOPLIST_FILE = testUITests/Info.plist;
				LD_RUNPATH_SEARCH_PATHS = (
					"$(inherited)",
					"@executable_path/Frameworks",
					"@loader_path/Frameworks",
				);
				PRODUCT_BUNDLE_IDENTIFIER = com.softtools.testUITests;
				PRODUCT_NAME = "$(TARGET_NAME)";
				SWIFT_VERSION = 5.0;
				TARGETED_DEVICE_FAMILY = "1,2";
				TEST_TARGET_NAME = test;
			};
			name = Release;
		};
/* End XCBuildConfiguration section */

/* Begin XCConfigurationList section */
		C01A8AAB23920C7C00370A9D /* Build configuration list for PBXProject "test" */ = {
			isa = XCConfigurationList;
			buildConfigurations = (
				C01A8AD823920C7D00370A9D /* Debug */,
				C01A8AD923920C7D00370A9D /* Release */,
			);
			defaultConfigurationIsVisible = 0;
			defaultConfigurationName = Release;
		};
		C01A8ADA23920C7D00370A9D /* Build configuration list for PBXNativeTarget "test" */ = {
			isa = XCConfigurationList;
			buildConfigurations = (
				C01A8ADB23920C7D00370A9D /* Debug */,
				C01A8ADC23920C7D00370A9D /* Release */,
			);
			defaultConfigurationIsVisible = 0;
			defaultConfigurationName = Release;
		};
		C01A8ADD23920C7D00370A9D /* Build configuration list for PBXNativeTarget "testTests" */ = {
			isa = XCConfigurationList;
			buildConfigurations = (
				C01A8ADE23920C7D00370A9D /* Debug */,
				C01A8ADF23920C7D00370A9D /* Release */,
			);
			defaultConfigurationIsVisible = 0;
			defaultConfigurationName = Release;
		};
		C01A8AE023920C7D00370A9D /* Build configuration list for PBXNativeTarget "testUITests" */ = {
			isa = XCConfigurationList;
			buildConfigurations = (
				C01A8AE123920C7D00370A9D /* Debug */,
				C01A8AE223920C7D00370A9D /* Release */,
			);
			defaultConfigurationIsVisible = 0;
			defaultConfigurationName = Release;
		};
/* End XCConfigurationList section */
	};
	rootObject = C01A8AA823920C7C00370A9D /* Project object */;
}
